
Microsoft Visual Studio Solution File, Format Version 12.00
# Visual Studio Version 16
VisualStudioVersion = 16.0.29709.97
MinimumVisualStudioVersion = 10.0.40219.1
Project("{FAE04EC0-301F-11D3-BF4B-00C04F79EFBC}") = "MapEditor", "MapEditor\MapEditor.csproj", "{CBE49CF2-97D9-4E9F-8784-773268327F6E}"
EndProject
Project("{FAE04EC0-301F-11D3-BF4B-00C04F79EFBC}") = "MapEngine", "MapEngine\MapEngine.csproj", "{1F9271D1-DEA4-4B7B-8EDA-1BF83076B8B8}"
EndProject
Project("{FAE04EC0-301F-11D3-BF4B-00C04F79EFBC}") = "Common", "Common\Common.csproj", "{DAB6FD98-4873-4712-8294-A847C0C79EAD}"
EndProject
Global
	GlobalSection(SolutionConfigurationPlatforms) = preSolution
		Debug|Any CPU = Debug|Any CPU
		Release|Any CPU = Release|Any CPU
	EndGlobalSection
	GlobalSection(ProjectConfigurationPlatforms) = postSolution
		{CBE49CF2-97D9-4E9F-8784-773268327F6E}.Debug|Any CPU.ActiveCfg = Debug|Any CPU
		{CBE49CF2-97D9-4E9F-8784-773268327F6E}.Debug|Any CPU.Build.0 = Debug|Any CPU
		{CBE49CF2-97D9-4E9F-8784-773268327F6E}.Release|Any CPU.ActiveCfg = Release|Any CPU
		{CBE49CF2-97D9-4E9F-8784-773268327F6E}.Release|Any CPU.Build.0 = Release|Any CPU
		{1F9271D1-DEA4-4B7B-8EDA-1BF83076B8B8}.Debug|Any CPU.ActiveCfg = Debug|Any CPU
		{1F9271D1-DEA4-4B7B-8EDA-1BF83076B8B8}.Debug|Any CPU.Build.0 = Debug|Any CPU
		{1F9271D1-DEA4-4B7B-8EDA-1BF83076B8B8}.Release|Any CPU.ActiveCfg = Release|Any CPU
		{1F9271D1-DEA4-4B7B-8EDA-1BF83076B8B8}.Release|Any CPU.Build.0 = Release|Any CPU
		{DAB6FD98-4873-4712-8294-A847C0C79EAD}.Debug|Any CPU.ActiveCfg = Debug|Any CPU
		{DAB6FD98-4873-4712-8294-A847C0C79EAD}.Debug|Any CPU.Build.0 = Debug|Any CPU
		{DAB6FD98-4873-4712-8294-A847C0C79EAD}.Release|Any CPU.ActiveCfg = Release|Any CPU
		{DAB6FD98-4873-4712-8294-A847C0C79EAD}.Release|Any CPU.Build.0 = Release|Any CPU
	EndGlobalSection
	GlobalSection(SolutionProperties) = preSolution
		HideSolutionNode = FALSE
	EndGlobalSection
	GlobalSection(ExtensibilityGlobals) = postSolution
		SolutionGuid = {8EE044AB-BB57-4D3F-9F02-8EFAF17C842F}
	EndGlobalSection
EndGlobal
